// !$*UTF8*$!
{
	archiveVersion = 1;
	classes = {
	};
	objectVersion = 56;
	objects = {

/* Begin PBXBuildFile section */
		721F729729F0F023003C8F1D /* LocationDetailsViewController.swift in Sources */ = {isa = PBXBuildFile; fileRef = 721F729629F0F023003C8F1D /* LocationDetailsViewController.swift */; };
		721F729929F12C62003C8F1D /* CategoryPikerViewController.swift in Sources */ = {isa = PBXBuildFile; fileRef = 721F729829F12C62003C8F1D /* CategoryPikerViewController.swift */; };
		721F729B29F190C6003C8F1D /* HudView.swift in Sources */ = {isa = PBXBuildFile; fileRef = 721F729A29F190C6003C8F1D /* HudView.swift */; };
		722F26E829EE4B1100E8D8B1 /* AppDelegate.swift in Sources */ = {isa = PBXBuildFile; fileRef = 722F26E729EE4B1100E8D8B1 /* AppDelegate.swift */; };
		722F26EA29EE4B1100E8D8B1 /* SceneDelegate.swift in Sources */ = {isa = PBXBuildFile; fileRef = 722F26E929EE4B1100E8D8B1 /* SceneDelegate.swift */; };
		722F26EC29EE4B1100E8D8B1 /* CurrenLocationViewController.swift in Sources */ = {isa = PBXBuildFile; fileRef = 722F26EB29EE4B1100E8D8B1 /* CurrenLocationViewController.swift */; };
		722F26EF29EE4B1100E8D8B1 /* Main.storyboard in Resources */ = {isa = PBXBuildFile; fileRef = 722F26ED29EE4B1100E8D8B1 /* Main.storyboard */; };
		722F26F229EE4B1100E8D8B1 /* Location.xcdatamodeld in Sources */ = {isa = PBXBuildFile; fileRef = 722F26F029EE4B1100E8D8B1 /* Location.xcdatamodeld */; };
		722F26F429EE4B1200E8D8B1 /* Assets.xcassets in Resources */ = {isa = PBXBuildFile; fileRef = 722F26F329EE4B1200E8D8B1 /* Assets.xcassets */; };
		722F26F729EE4B1200E8D8B1 /* LaunchScreen.storyboard in Resources */ = {isa = PBXBuildFile; fileRef = 722F26F529EE4B1200E8D8B1 /* LaunchScreen.storyboard */; };
		72440ED32A42F1D500558996 /* Functions+extension.swift in Sources */ = {isa = PBXBuildFile; fileRef = 72440ED22A42F1D500558996 /* Functions+extension.swift */; };
		72440ED62A43001900558996 /* Location+CoreDataClass.swift in Sources */ = {isa = PBXBuildFile; fileRef = 72440ED42A43001900558996 /* Location+CoreDataClass.swift */; };
		72440ED72A43001900558996 /* Location+CoreDataProperties.swift in Sources */ = {isa = PBXBuildFile; fileRef = 72440ED52A43001900558996 /* Location+CoreDataProperties.swift */; };
		729A81E42A492D6D00174CF6 /* MapViewController.swift in Sources */ = {isa = PBXBuildFile; fileRef = 729A81E32A492D6D00174CF6 /* MapViewController.swift */; };
		72F2ED792A48325F00538FF4 /* LocationsViewController.swift in Sources */ = {isa = PBXBuildFile; fileRef = 72F2ED782A48325F00538FF4 /* LocationsViewController.swift */; };
		72F2ED7B2A483C2F00538FF4 /* LocationCell.swift in Sources */ = {isa = PBXBuildFile; fileRef = 72F2ED7A2A483C2F00538FF4 /* LocationCell.swift */; };
/* End PBXBuildFile section */

/* Begin PBXFileReference section */
		721F729629F0F023003C8F1D /* LocationDetailsViewController.swift */ = {isa = PBXFileReference; lastKnownFileType = sourcecode.swift; path = LocationDetailsViewController.swift; sourceTree = "<group>"; };
		721F729829F12C62003C8F1D /* CategoryPikerViewController.swift */ = {isa = PBXFileReference; lastKnownFileType = sourcecode.swift; path = CategoryPikerViewController.swift; sourceTree = "<group>"; };
		721F729A29F190C6003C8F1D /* HudView.swift */ = {isa = PBXFileReference; lastKnownFileType = sourcecode.swift; path = HudView.swift; sourceTree = "<group>"; };
		722F26E429EE4B1100E8D8B1 /* Location.app */ = {isa = PBXFileReference; explicitFileType = wrapper.application; includeInIndex = 0; path = Location.app; sourceTree = BUILT_PRODUCTS_DIR; };
		722F26E729EE4B1100E8D8B1 /* AppDelegate.swift */ = {isa = PBXFileReference; lastKnownFileType = sourcecode.swift; path = AppDelegate.swift; sourceTree = "<group>"; };
		722F26E929EE4B1100E8D8B1 /* SceneDelegate.swift */ = {isa = PBXFileReference; lastKnownFileType = sourcecode.swift; path = SceneDelegate.swift; sourceTree = "<group>"; };
		722F26EB29EE4B1100E8D8B1 /* CurrenLocationViewController.swift */ = {isa = PBXFileReference; lastKnownFileType = sourcecode.swift; path = CurrenLocationViewController.swift; sourceTree = "<group>"; };
		722F26EE29EE4B1100E8D8B1 /* Base */ = {isa = PBXFileReference; lastKnownFileType = file.storyboard; name = Base; path = Base.lproj/Main.storyboard; sourceTree = "<group>"; };
		722F26F129EE4B1100E8D8B1 /* Location.xcdatamodel */ = {isa = PBXFileReference; lastKnownFileType = wrapper.xcdatamodel; path = Location.xcdatamodel; sourceTree = "<group>"; };
		722F26F329EE4B1200E8D8B1 /* Assets.xcassets */ = {isa = PBXFileReference; lastKnownFileType = folder.assetcatalog; path = Assets.xcassets; sourceTree = "<group>"; };
		722F26F629EE4B1200E8D8B1 /* Base */ = {isa = PBXFileReference; lastKnownFileType = file.storyboard; name = Base; path = Base.lproj/LaunchScreen.storyboard; sourceTree = "<group>"; };
		722F26F829EE4B1200E8D8B1 /* Info.plist */ = {isa = PBXFileReference; lastKnownFileType = text.plist.xml; path = Info.plist; sourceTree = "<group>"; };
		72440ED22A42F1D500558996 /* Functions+extension.swift */ = {isa = PBXFileReference; lastKnownFileType = sourcecode.swift; path = "Functions+extension.swift"; sourceTree = "<group>"; };
		72440ED42A43001900558996 /* Location+CoreDataClass.swift */ = {isa = PBXFileReference; lastKnownFileType = sourcecode.swift; path = "Location+CoreDataClass.swift"; sourceTree = "<group>"; };
		72440ED52A43001900558996 /* Location+CoreDataProperties.swift */ = {isa = PBXFileReference; lastKnownFileType = sourcecode.swift; path = "Location+CoreDataProperties.swift"; sourceTree = "<group>"; };
		729A81E32A492D6D00174CF6 /* MapViewController.swift */ = {isa = PBXFileReference; lastKnownFileType = sourcecode.swift; path = MapViewController.swift; sourceTree = "<group>"; };
		72F2ED782A48325F00538FF4 /* LocationsViewController.swift */ = {isa = PBXFileReference; lastKnownFileType = sourcecode.swift; path = LocationsViewController.swift; sourceTree = "<group>"; };
		72F2ED7A2A483C2F00538FF4 /* LocationCell.swift */ = {isa = PBXFileReference; lastKnownFileType = sourcecode.swift; path = LocationCell.swift; sourceTree = "<group>"; };
/* End PBXFileReference section */

/* Begin PBXFrameworksBuildPhase section */
		722F26E129EE4B1100E8D8B1 /* Frameworks */ = {
			isa = PBXFrameworksBuildPhase;
			buildActionMask = 2147483647;
			files = (
			);
			runOnlyForDeploymentPostprocessing = 0;
		};
/* End PBXFrameworksBuildPhase section */

/* Begin PBXGroup section */
		722F26DB29EE4B1100E8D8B1 = {
			isa = PBXGroup;
			children = (
				72440ED42A43001900558996 /* Location+CoreDataClass.swift */,
				72440ED52A43001900558996 /* Location+CoreDataProperties.swift */,
				722F26E629EE4B1100E8D8B1 /* Location */,
				722F26E529EE4B1100E8D8B1 /* Products */,
			);
			sourceTree = "<group>";
		};
		722F26E529EE4B1100E8D8B1 /* Products */ = {
			isa = PBXGroup;
			children = (
				722F26E429EE4B1100E8D8B1 /* Location.app */,
			);
			name = Products;
			sourceTree = "<group>";
		};
		722F26E629EE4B1100E8D8B1 /* Location */ = {
			isa = PBXGroup;
			children = (
				722F26E729EE4B1100E8D8B1 /* AppDelegate.swift */,
				722F26E929EE4B1100E8D8B1 /* SceneDelegate.swift */,
				72440ED22A42F1D500558996 /* Functions+extension.swift */,
				729A81E52A492D8800174CF6 /* Controller */,
				729A81E62A492DAC00174CF6 /* View */,
				729A81E72A492DE000174CF6 /* Uniti */,
				722F26F029EE4B1100E8D8B1 /* Location.xcdatamodeld */,
				722F26F829EE4B1200E8D8B1 /* Info.plist */,
			);
			path = Location;
			sourceTree = "<group>";
		};
		729A81E52A492D8800174CF6 /* Controller */ = {
			isa = PBXGroup;
			children = (
				722F26EB29EE4B1100E8D8B1 /* CurrenLocationViewController.swift */,
				721F729629F0F023003C8F1D /* LocationDetailsViewController.swift */,
				721F729829F12C62003C8F1D /* CategoryPikerViewController.swift */,
				72F2ED782A48325F00538FF4 /* LocationsViewController.swift */,
				729A81E32A492D6D00174CF6 /* MapViewController.swift */,
			);
			path = Controller;
			sourceTree = "<group>";
		};
		729A81E62A492DAC00174CF6 /* View */ = {
			isa = PBXGroup;
			children = (
				722F26ED29EE4B1100E8D8B1 /* Main.storyboard */,
				72F2ED7A2A483C2F00538FF4 /* LocationCell.swift */,
				721F729A29F190C6003C8F1D /* HudView.swift */,
			);
			path = View;
			sourceTree = "<group>";
		};
		729A81E72A492DE000174CF6 /* Uniti */ = {
			isa = PBXGroup;
			children = (
				722F26F329EE4B1200E8D8B1 /* Assets.xcassets */,
				722F26F529EE4B1200E8D8B1 /* LaunchScreen.storyboard */,
			);
			path = Uniti;
			sourceTree = "<group>";
		};
/* End PBXGroup section */

/* Begin PBXNativeTarget section */
		722F26E329EE4B1100E8D8B1 /* Location */ = {
			isa = PBXNativeTarget;
			buildConfigurationList = 722F26FB29EE4B1200E8D8B1 /* Build configuration list for PBXNativeTarget "Location" */;
			buildPhases = (
				722F26E029EE4B1100E8D8B1 /* Sources */,
				722F26E129EE4B1100E8D8B1 /* Frameworks */,
				722F26E229EE4B1100E8D8B1 /* Resources */,
			);
			buildRules = (
			);
			dependencies = (
			);
			name = Location;
			productName = Location;
			productReference = 722F26E429EE4B1100E8D8B1 /* Location.app */;
			productType = "com.apple.product-type.application";
		};
/* End PBXNativeTarget section */

/* Begin PBXProject section */
		722F26DC29EE4B1100E8D8B1 /* Project object */ = {
			isa = PBXProject;
			attributes = {
				BuildIndependentTargetsInParallel = 1;
				LastSwiftUpdateCheck = 1430;
				LastUpgradeCheck = 1430;
				TargetAttributes = {
					722F26E329EE4B1100E8D8B1 = {
						CreatedOnToolsVersion = 14.3;
					};
				};
			};
			buildConfigurationList = 722F26DF29EE4B1100E8D8B1 /* Build configuration list for PBXProject "Location" */;
			compatibilityVersion = "Xcode 14.0";
			developmentRegion = en;
			hasScannedForEncodings = 0;
			knownRegions = (
				en,
				Base,
			);
			mainGroup = 722F26DB29EE4B1100E8D8B1;
			productRefGroup = 722F26E529EE4B1100E8D8B1 /* Products */;
			projectDirPath = "";
			projectRoot = "";
			targets = (
				722F26E329EE4B1100E8D8B1 /* Location */,
			);
		};
/* End PBXProject section */

/* Begin PBXResourcesBuildPhase section */
		722F26E229EE4B1100E8D8B1 /* Resources */ = {
			isa = PBXResourcesBuildPhase;
			buildActionMask = 2147483647;
			files = (
				722F26F729EE4B1200E8D8B1 /* LaunchScreen.storyboard in Resources */,
				722F26F429EE4B1200E8D8B1 /* Assets.xcassets in Resources */,
				722F26EF29EE4B1100E8D8B1 /* Main.storyboard in Resources */,
			);
			runOnlyForDeploymentPostprocessing = 0;
		};
/* End PBXResourcesBuildPhase section */

/* Begin PBXSourcesBuildPhase section */
		722F26E029EE4B1100E8D8B1 /* Sources */ = {
			isa = PBXSourcesBuildPhase;
			buildActionMask = 2147483647;
			files = (
				721F729929F12C62003C8F1D /* CategoryPikerViewController.swift in Sources */,
				722F26EC29EE4B1100E8D8B1 /* CurrenLocationViewController.swift in Sources */,
				722F26E829EE4B1100E8D8B1 /* AppDelegate.swift in Sources */,
				72440ED32A42F1D500558996 /* Functions+extension.swift in Sources */,
				72F2ED792A48325F00538FF4 /* LocationsViewController.swift in Sources */,
				72440ED72A43001900558996 /* Location+CoreDataProperties.swift in Sources */,
				729A81E42A492D6D00174CF6 /* MapViewController.swift in Sources */,
				72F2ED7B2A483C2F00538FF4 /* LocationCell.swift in Sources */,
				722F26F229EE4B1100E8D8B1 /* Location.xcdatamodeld in Sources */,
				722F26EA29EE4B1100E8D8B1 /* SceneDelegate.swift in Sources */,
				72440ED62A43001900558996 /* Location+CoreDataClass.swift in Sources */,
				721F729B29F190C6003C8F1D /* HudView.swift in Sources */,
				721F729729F0F023003C8F1D /* LocationDetailsViewController.swift in Sources */,
			);
			runOnlyForDeploymentPostprocessing = 0;
		};
/* End PBXSourcesBuildPhase section */

/* Begin PBXVariantGroup section */
		722F26ED29EE4B1100E8D8B1 /* Main.storyboard */ = {
			isa = PBXVariantGroup;
			children = (
				722F26EE29EE4B1100E8D8B1 /* Base */,
			);
			name = Main.storyboard;
			sourceTree = "<group>";
		};
		722F26F529EE4B1200E8D8B1 /* LaunchScreen.storyboard */ = {
			isa = PBXVariantGroup;
			children = (
				722F26F629EE4B1200E8D8B1 /* Base */,
			);
			name = LaunchScreen.storyboard;
			sourceTree = "<group>";
		};
/* End PBXVariantGroup section */

/* Begin XCBuildConfiguration section */
		722F26F929EE4B1200E8D8B1 /* Debug */ = {
			isa = XCBuildConfiguration;
			buildSettings = {
				ALWAYS_SEARCH_USER_PATHS = NO;
				CLANG_ANALYZER_NONNULL = YES;
				CLANG_ANALYZER_NUMBER_OBJECT_CONVERSION = YES_AGGRESSIVE;
				CLANG_CXX_LANGUAGE_STANDARD = "gnu++20";
				CLANG_ENABLE_MODULES = YES;
				CLANG_ENABLE_OBJC_ARC = YES;
				CLANG_ENABLE_OBJC_WEAK = YES;
				CLANG_WARN_BLOCK_CAPTURE_AUTORELEASING = YES;
				CLANG_WARN_BOOL_CONVERSION = YES;
				CLANG_WARN_COMMA = YES;
				CLANG_WARN_CONSTANT_CONVERSION = YES;
				CLANG_WARN_DEPRECATED_OBJC_IMPLEMENTATIONS = YES;
				CLANG_WARN_DIRECT_OBJC_ISA_USAGE = YES_ERROR;
				CLANG_WARN_DOCUMENTATION_COMMENTS = YES;
				CLANG_WARN_EMPTY_BODY = YES;
				CLANG_WARN_ENUM_CONVERSION = YES;
				CLANG_WARN_INFINITE_RECURSION = YES;
				CLANG_WARN_INT_CONVERSION = YES;
				CLANG_WARN_NON_LITERAL_NULL_CONVERSION = YES;
				CLANG_WARN_OBJC_IMPLICIT_RETAIN_SELF = YES;
				CLANG_WARN_OBJC_LITERAL_CONVERSION = YES;
				CLANG_WARN_OBJC_ROOT_CLASS = YES_ERROR;
				CLANG_WARN_QUOTED_INCLUDE_IN_FRAMEWORK_HEADER = YES;
				CLANG_WARN_RANGE_LOOP_ANALYSIS = YES;
				CLANG_WARN_STRICT_PROTOTYPES = YES;
				CLANG_WARN_SUSPICIOUS_MOVE = YES;
				CLANG_WARN_UNGUARDED_AVAILABILITY = YES_AGGRESSIVE;
				CLANG_WARN_UNREACHABLE_CODE = YES;
				CLANG_WARN__DUPLICATE_METHOD_MATCH = YES;
				COPY_PHASE_STRIP = NO;
				DEBUG_INFORMATION_FORMAT = dwarf;
				ENABLE_STRICT_OBJC_MSGSEND = YES;
				ENABLE_TESTABILITY = YES;
				GCC_C_LANGUAGE_STANDARD = gnu11;
				GCC_DYNAMIC_NO_PIC = NO;
				GCC_NO_COMMON_BLOCKS = YES;
				GCC_OPTIMIZATION_LEVEL = 0;
				GCC_PREPROCESSOR_DEFINITIONS = (
					"DEBUG=1",
					"$(inherited)",
				);
				GCC_WARN_64_TO_32_BIT_CONVERSION = YES;
				GCC_WARN_ABOUT_RETURN_TYPE = YES_ERROR;
				GCC_WARN_UNDECLARED_SELECTOR = YES;
				GCC_WARN_UNINITIALIZED_AUTOS = YES_AGGRESSIVE;
				GCC_WARN_UNUSED_FUNCTION = YES;
				GCC_WARN_UNUSED_VARIABLE = YES;
				IPHONEOS_DEPLOYMENT_TARGET = 16.4;
				MTL_ENABLE_DEBUG_INFO = INCLUDE_SOURCE;
				MTL_FAST_MATH = YES;
				ONLY_ACTIVE_ARCH = YES;
				SDKROOT = iphoneos;
				SWIFT_ACTIVE_COMPILATION_CONDITIONS = DEBUG;
				SWIFT_OPTIMIZATION_LEVEL = "-Onone";
			};
			name = Debug;
		};
		722F26FA29EE4B1200E8D8B1 /* Release */ = {
			isa = XCBuildConfiguration;
			buildSettings = {
				ALWAYS_SEARCH_USER_PATHS = NO;
				CLANG_ANALYZER_NONNULL = YES;
				CLANG_ANALYZER_NUMBER_OBJECT_CONVERSION = YES_AGGRESSIVE;
				CLANG_CXX_LANGUAGE_STANDARD = "gnu++20";
				CLANG_ENABLE_MODULES = YES;
				CLANG_ENABLE_OBJC_ARC = YES;
				CLANG_ENABLE_OBJC_WEAK = YES;
				CLANG_WARN_BLOCK_CAPTURE_AUTORELEASING = YES;
				CLANG_WARN_BOOL_CONVERSION = YES;
				CLANG_WARN_COMMA = YES;
				CLANG_WARN_CONSTANT_CONVERSION = YES;
				CLANG_WARN_DEPRECATED_OBJC_IMPLEMENTATIONS = YES;
				CLANG_WARN_DIRECT_OBJC_ISA_USAGE = YES_ERROR;
				CLANG_WARN_DOCUMENTATION_COMMENTS = YES;
				CLANG_WARN_EMPTY_BODY = YES;
				CLANG_WARN_ENUM_CONVERSION = YES;
				CLANG_WARN_INFINITE_RECURSION = YES;
				CLANG_WARN_INT_CONVERSION = YES;
				CLANG_WARN_NON_LITERAL_NULL_CONVERSION = YES;
				CLANG_WARN_OBJC_IMPLICIT_RETAIN_SELF = YES;
				CLANG_WARN_OBJC_LITERAL_CONVERSION = YES;
				CLANG_WARN_OBJC_ROOT_CLASS = YES_ERROR;
				CLANG_WARN_QUOTED_INCLUDE_IN_FRAMEWORK_HEADER = YES;
				CLANG_WARN_RANGE_LOOP_ANALYSIS = YES;
				CLANG_WARN_STRICT_PROTOTYPES = YES;
				CLANG_WARN_SUSPICIOUS_MOVE = YES;
				CLANG_WARN_UNGUARDED_AVAILABILITY = YES_AGGRESSIVE;
				CLANG_WARN_UNREACHABLE_CODE = YES;
				CLANG_WARN__DUPLICATE_METHOD_MATCH = YES;
				COPY_PHASE_STRIP = NO;
				DEBUG_INFORMATION_FORMAT = "dwarf-with-dsym";
				ENABLE_NS_ASSERTIONS = NO;
				ENABLE_STRICT_OBJC_MSGSEND = YES;
				GCC_C_LANGUAGE_STANDARD = gnu11;
				GCC_NO_COMMON_BLOCKS = YES;
				GCC_WARN_64_TO_32_BIT_CONVERSION = YES;
				GCC_WARN_ABOUT_RETURN_TYPE = YES_ERROR;
				GCC_WARN_UNDECLARED_SELECTOR = YES;
				GCC_WARN_UNINITIALIZED_AUTOS = YES_AGGRESSIVE;
				GCC_WARN_UNUSED_FUNCTION = YES;
				GCC_WARN_UNUSED_VARIABLE = YES;
				IPHONEOS_DEPLOYMENT_TARGET = 16.4;
				MTL_ENABLE_DEBUG_INFO = NO;
				MTL_FAST_MATH = YES;
				SDKROOT = iphoneos;
				SWIFT_COMPILATION_MODE = wholemodule;
				SWIFT_OPTIMIZATION_LEVEL = "-O";
				VALIDATE_PRODUCT = YES;
			};
			name = Release;
		};
		722F26FC29EE4B1200E8D8B1 /* Debug */ = {
			isa = XCBuildConfiguration;
			buildSettings = {
				ASSETCATALOG_COMPILER_APPICON_NAME = AppIcon;
				ASSETCATALOG_COMPILER_GLOBAL_ACCENT_COLOR_NAME = AccentColor;
				CODE_SIGN_STYLE = Automatic;
				CURRENT_PROJECT_VERSION = 1;
				DEVELOPMENT_TEAM = 678S53ST7A;
				GENERATE_INFOPLIST_FILE = YES;
				INFOPLIST_FILE = Location/Info.plist;
				INFOPLIST_KEY_NSCameraUsageDescription = "Add camera to your locatios";
				INFOPLIST_KEY_NSLocationWhenInUseUsageDescription = "you ok ?";
				INFOPLIST_KEY_NSPhotoLibraryUsageDescription = "Add photo to your locations";
				INFOPLIST_KEY_UIApplicationSupportsIndirectInputEvents = YES;
				INFOPLIST_KEY_UILaunchStoryboardName = LaunchScreen;
				INFOPLIST_KEY_UIMainStoryboardFile = Main;
				INFOPLIST_KEY_UIRequiredDeviceCapabilities = "location-services";
				INFOPLIST_KEY_UISupportedInterfaceOrientations_iPad = "UIInterfaceOrientationPortrait UIInterfaceOrientationPortraitUpsideDown UIInterfaceOrientationLandscapeLeft UIInterfaceOrientationLandscapeRight";
				INFOPLIST_KEY_UISupportedInterfaceOrientations_iPhone = "UIInterfaceOrientationPortrait UIInterfaceOrientationLandscapeLeft UIInterfaceOrientationLandscapeRight";
				IPHONEOS_DEPLOYMENT_TARGET = 15.0;
				LD_RUNPATH_SEARCH_PATHS = (
					"$(inherited)",
					"@executable_path/Frameworks",
				);
				MARKETING_VERSION = 1.0;
				PRODUCT_BUNDLE_IDENTIFIER = tranloi.Location;
				PRODUCT_NAME = "$(TARGET_NAME)";
				SWIFT_EMIT_LOC_STRINGS = YES;
				SWIFT_VERSION = 5.0;
				TARGETED_DEVICE_FAMILY = "1,2";
			};
			name = Debug;
		};
		722F26FD29EE4B1200E8D8B1 /* Release */ = {
			isa = XCBuildConfiguration;
			buildSettings = {
				ASSETCATALOG_COMPILER_APPICON_NAME = AppIcon;
				ASSETCATALOG_COMPILER_GLOBAL_ACCENT_COLOR_NAME = AccentColor;
				CODE_SIGN_STYLE = Automatic;
				CURRENT_PROJECT_VERSION = 1;
				DEVELOPMENT_TEAM = 678S53ST7A;
				GENERATE_INFOPLIST_FILE = YES;
				INFOPLIST_FILE = Location/Info.plist;
				INFOPLIST_KEY_NSCameraUsageDescription = "Add camera to your locatios";
				INFOPLIST_KEY_NSLocationWhenInUseUsageDescription = "you ok ?";
				INFOPLIST_KEY_NSPhotoLibraryUsageDescription = "Add photo to your locations";
				INFOPLIST_KEY_UIApplicationSupportsIndirectInputEvents = YES;
				INFOPLIST_KEY_UILaunchStoryboardName = LaunchScreen;
				INFOPLIST_KEY_UIMainStoryboardFile = Main;
				INFOPLIST_KEY_UIRequiredDeviceCapabilities = "location-services";
				INFOPLIST_KEY_UISupportedInterfaceOrientations_iPad = "UIInterfaceOrientationPortrait UIInterfaceOrientationPortraitUpsideDown UIInterfaceOrientationLandscapeLeft UIInterfaceOrientationLandscapeRight";
				INFOPLIST_KEY_UISupportedInterfaceOrientations_iPhone = "UIInterfaceOrientationPortrait UIInterfaceOrientationLandscapeLeft UIInterfaceOrientationLandscapeRight";
				IPHONEOS_DEPLOYMENT_TARGET = 15.0;
				LD_RUNPATH_SEARCH_PATHS = (
					"$(inherited)",
					"@executable_path/Frameworks",
				);
				MARKETING_VERSION = 1.0;
				PRODUCT_BUNDLE_IDENTIFIER = tranloi.Location;
				PRODUCT_NAME = "$(TARGET_NAME)";
				SWIFT_EMIT_LOC_STRINGS = YES;
				SWIFT_VERSION = 5.0;
				TARGETED_DEVICE_FAMILY = "1,2";
			};
			name = Release;
		};
/* End XCBuildConfiguration section */

/* Begin XCConfigurationList section */
		722F26DF29EE4B1100E8D8B1 /* Build configuration list for PBXProject "Location" */ = {
			isa = XCConfigurationList;
			buildConfigurations = (
				722F26F929EE4B1200E8D8B1 /* Debug */,
				722F26FA29EE4B1200E8D8B1 /* Release */,
			);
			defaultConfigurationIsVisible = 0;
			defaultConfigurationName = Release;
		};
		722F26FB29EE4B1200E8D8B1 /* Build configuration list for PBXNativeTarget "Location" */ = {
			isa = XCConfigurationList;
			buildConfigurations = (
				722F26FC29EE4B1200E8D8B1 /* Debug */,
				722F26FD29EE4B1200E8D8B1 /* Release */,
			);
			defaultConfigurationIsVisible = 0;
			defaultConfigurationName = Release;
		};
/* End XCConfigurationList section */

/* Begin XCVersionGroup section */
		722F26F029EE4B1100E8D8B1 /* Location.xcdatamodeld */ = {
			isa = XCVersionGroup;
			children = (
				722F26F129EE4B1100E8D8B1 /* Location.xcdatamodel */,
			);
			currentVersion = 722F26F129EE4B1100E8D8B1 /* Location.xcdatamodel */;
			path = Location.xcdatamodeld;
			sourceTree = "<group>";
			versionGroupType = wrapper.xcdatamodel;
		};
/* End XCVersionGroup section */
	};
	rootObject = 722F26DC29EE4B1100E8D8B1 /* Project object */;
}
